<?xml version="1.0" encoding="utf-8"?>
<Project ToolsVersion="4.0" xmlns="http://schemas.microsoft.com/developer/msbuild/2003">
  <ItemGroup>
    <Filter Include="Source Files">
      <UniqueIdentifier>{4FC737F1-C7A5-4376-A066-2A32D752A2FF}</UniqueIdentifier>
      <Extensions>cpp;c;cc;cxx;c++;cppm;ixx;def;odl;idl;hpj;bat;asm;asmx</Extensions>
    </Filter>
    <Filter Include="Header Files">
      <UniqueIdentifier>{93995380-89BD-4b04-88EB-625FBE52EBFB}</UniqueIdentifier>
      <Extensions>h;hh;hpp;hxx;h++;hm;inl;inc;ipp;xsd</Extensions>
    </Filter>
    <Filter Include="Resource Files">
      <UniqueIdentifier>{67DA6AB6-F800-4c08-8B7A-83BB121AAD01}</UniqueIdentifier>
      <Extensions>rc;ico;cur;bmp;dlg;rc2;rct;bin;rgs;gif;jpg;jpeg;jpe;resx;tiff;tif;png;wav;mfcribbon-ms</Extensions>
    </Filter>
  </ItemGroup>
  <ItemGroup>
    <ClCompile Include="GameStart.cpp">
      <Filter>Source Files</Filter>
    </ClCompile>
    <ClCompile Include="SDDog.cpp">
      <Filter>Source Files</Filter>
    </ClCompile>
    <ClCompile Include="SDDogBeagle.cpp">
      <Filter>Source Files</Filter>
    </ClCompile>
    <ClCompile Include="SDDogChihuahua.cpp">
      <Filter>Source Files</Filter>
    </ClCompile>
    <ClCompile Include="SDDogCorgi.cpp">
      <Filter>Source Files</Filter>
    </ClCompile>
    <ClCompile Include="SDDogDachshund.cpp">
      <Filter>Source Files</Filter>
    </ClCompile>
    <ClCompile Include="SDPirate.cpp">
      <Filter>Source Files</Filter>
    </ClCompile>
    <ClCompile Include="SDShip.cpp">
      <Filter>Source Files</Filter>
    </ClCompile>
    <ClCompile Include="SDShipChickenBone.cpp">
      <Filter>Source Files</Filter>
    </ClCompile>
    <ClCompile Include="SDShipCouch800.cpp">
      <Filter>Source Files</Filter>
    </ClCompile>
    <ClCompile Include="SDShipCowBone.cpp">
      <Filter>Source Files</Filter>
    </ClCompile>
    <ClCompile Include="SDShipDepot.cpp">
      <Filter>Source Files</Filter>
    </ClCompile>
    <ClCompile Include="SDShipDogHouse9K.cpp">
      <Filter>Source Files</Filter>
    </ClCompile>
    <ClCompile Include="SDShipKennel.cpp">
      <Filter>Source Files</Filter>
    </ClCompile>
    <ClCompile Include="SDShipSqueaker.cpp">
      <Filter>Source Files</Filter>
    </ClCompile>
    <ClCompile Include="SDTradeGood.cpp">
      <Filter>Source Files</Filter>
    </ClCompile>
    <ClCompile Include="SDTradePost.cpp">
      <Filter>Source Files</Filter>
    </ClCompile>
    <ClCompile Include="SDTradeSystem.cpp">
      <Filter>Source Files</Filter>
    </ClCompile>
    <ClCompile Include="SpaceDogs.cpp">
      <Filter>Source Files</Filter>
    </ClCompile>
  </ItemGroup>
  <ItemGroup>
    <ClInclude Include="SDDog.h">
      <Filter>Header Files</Filter>
    </ClInclude>
    <ClInclude Include="SDDogBeagle.h">
      <Filter>Header Files</Filter>
    </ClInclude>
    <ClInclude Include="SDDogChihuahua.h">
      <Filter>Header Files</Filter>
    </ClInclude>
    <ClInclude Include="SDDogCorgi.h">
      <Filter>Header Files</Filter>
    </ClInclude>
    <ClInclude Include="SDDogDachshund.h">
      <Filter>Header Files</Filter>
    </ClInclude>
    <ClInclude Include="SDPirate.h">
      <Filter>Header Files</Filter>
    </ClInclude>
    <ClInclude Include="SDShip.h">
      <Filter>Header Files</Filter>
    </ClInclude>
    <ClInclude Include="SDShipChickenBone.h">
      <Filter>Header Files</Filter>
    </ClInclude>
    <ClInclude Include="SDShipCouch800.h">
      <Filter>Header Files</Filter>
    </ClInclude>
    <ClInclude Include="SDShipCowBone.h">
      <Filter>Header Files</Filter>
    </ClInclude>
    <ClInclude Include="SDShipDepot.h">
      <Filter>Header Files</Filter>
    </ClInclude>
    <ClInclude Include="SDShipDogHouse9K.h">
      <Filter>Header Files</Filter>
    </ClInclude>
    <ClInclude Include="SDShipKennel.h">
      <Filter>Header Files</Filter>
    </ClInclude>
    <ClInclude Include="SDShipSqueaker.h">
      <Filter>Header Files</Filter>
    </ClInclude>
    <ClInclude Include="SDTradeGood.h">
      <Filter>Header Files</Filter>
    </ClInclude>
    <ClInclude Include="SDTradePost.h">
      <Filter>Header Files</Filter>
    </ClInclude>
    <ClInclude Include="SDTradeSystem.h">
      <Filter>Header Files</Filter>
    </ClInclude>
    <ClInclude Include="SpaceDogs.h">
      <Filter>Header Files</Filter>
    </ClInclude>
  </ItemGroup>
</Project>